
Microsoft Visual Studio Solution File, Format Version 12.00
# Visual Studio Version 16
VisualStudioVersion = 16.0.29521.150
MinimumVisualStudioVersion = 10.0.40219.1
Project("{9A19103F-16F7-4668-BE54-9A1E7A4F7556}") = "Abeer.Server", "Server\Abeer.Server.csproj", "{91804A0A-68F0-47A3-B10F-F3F073970ECD}"
EndProject
Project("{9A19103F-16F7-4668-BE54-9A1E7A4F7556}") = "Abeer.Client", "Client\Abeer.Client.csproj", "{FE48BF3B-76F1-46C2-96C5-EE930A5C5CF2}"
EndProject
Project("{9A19103F-16F7-4668-BE54-9A1E7A4F7556}") = "Abeer.Shared", "Shared\Abeer.Shared.csproj", "{92542C7A-FD66-4149-BF9E-EE8B86F10AEA}"
EndProject
Project("{9A19103F-16F7-4668-BE54-9A1E7A4F7556}") = "Abeer.Data", "Abeer.Data\Abeer.Data.csproj", "{CDD82F34-97EE-4CFD-8261-0A478670203E}"
EndProject
Project("{9A19103F-16F7-4668-BE54-9A1E7A4F7556}") = "Abeer.Services", "Abeer.Services\Abeer.Services.csproj", "{00901756-E7C5-4F07-9E86-D31AD8765955}"
EndProject
Project("{2150E333-8FDC-42A3-9474-1A3956D46DE8}") = "Front", "Front", "{B88FCDAE-ADA7-4F4F-99D9-4AAC627CAAA6}"
EndProject
Project("{2150E333-8FDC-42A3-9474-1A3956D46DE8}") = "Data", "Data", "{85412552-6211-4957-AD24-9CCF55A0C988}"
EndProject
Project("{2150E333-8FDC-42A3-9474-1A3956D46DE8}") = "Server", "Server", "{7C8BB74E-88E3-41A5-A5FF-02BFA3B4594C}"
EndProject
Project("{2150E333-8FDC-42A3-9474-1A3956D46DE8}") = "Services", "Services", "{2C1C6407-2298-494F-9906-B2746435C35F}"
EndProject
Project("{9A19103F-16F7-4668-BE54-9A1E7A4F7556}") = "Abeer.Client.UISdk", "Abeer.Client.UISdk\Abeer.Client.UISdk.csproj", "{9B9CA1ED-92DD-4B48-909F-AFE664847728}"
EndProject
Project("{2150E333-8FDC-42A3-9474-1A3956D46DE8}") = "Db", "Db", "{530A5085-0048-4FDB-ABBB-6CF97E43CBAE}"
EndProject
Project("{9A19103F-16F7-4668-BE54-9A1E7A4F7556}") = "DbProvider.LiteDbProvider", "DbProvider.LiteDbProvider\DbProvider.LiteDbProvider.csproj", "{843DD4FE-D3A5-4A67-B34D-ADC80075FC62}"
EndProject
Project("{FAE04EC0-301F-11D3-BF4B-00C04F79EFBC}") = "DbProvider.EfCore.SqlServerProvider", "DbProvider.EfCore.SqlServerProvider\DbProvider.EfCore.SqlServerProvider.csproj", "{04094CD4-44A1-4C4D-BFDA-4DA9CC07DB39}"
EndProject
Global
	GlobalSection(SolutionConfigurationPlatforms) = preSolution
		Debug|Any CPU = Debug|Any CPU
		Ghpages|Any CPU = Ghpages|Any CPU
		Release|Any CPU = Release|Any CPU
	EndGlobalSection
	GlobalSection(ProjectConfigurationPlatforms) = postSolution
		{91804A0A-68F0-47A3-B10F-F3F073970ECD}.Debug|Any CPU.ActiveCfg = Debug|Any CPU
		{91804A0A-68F0-47A3-B10F-F3F073970ECD}.Debug|Any CPU.Build.0 = Debug|Any CPU
		{91804A0A-68F0-47A3-B10F-F3F073970ECD}.Ghpages|Any CPU.ActiveCfg = Release|Any CPU
		{91804A0A-68F0-47A3-B10F-F3F073970ECD}.Ghpages|Any CPU.Build.0 = Release|Any CPU
		{91804A0A-68F0-47A3-B10F-F3F073970ECD}.Release|Any CPU.ActiveCfg = Release|Any CPU
		{91804A0A-68F0-47A3-B10F-F3F073970ECD}.Release|Any CPU.Build.0 = Release|Any CPU
		{FE48BF3B-76F1-46C2-96C5-EE930A5C5CF2}.Debug|Any CPU.ActiveCfg = Debug|Any CPU
		{FE48BF3B-76F1-46C2-96C5-EE930A5C5CF2}.Debug|Any CPU.Build.0 = Debug|Any CPU
		{FE48BF3B-76F1-46C2-96C5-EE930A5C5CF2}.Ghpages|Any CPU.ActiveCfg = Release|Any CPU
		{FE48BF3B-76F1-46C2-96C5-EE930A5C5CF2}.Ghpages|Any CPU.Build.0 = Release|Any CPU
		{FE48BF3B-76F1-46C2-96C5-EE930A5C5CF2}.Release|Any CPU.ActiveCfg = Release|Any CPU
		{FE48BF3B-76F1-46C2-96C5-EE930A5C5CF2}.Release|Any CPU.Build.0 = Release|Any CPU
		{92542C7A-FD66-4149-BF9E-EE8B86F10AEA}.Debug|Any CPU.ActiveCfg = Debug|Any CPU
		{92542C7A-FD66-4149-BF9E-EE8B86F10AEA}.Debug|Any CPU.Build.0 = Debug|Any CPU
		{92542C7A-FD66-4149-BF9E-EE8B86F10AEA}.Ghpages|Any CPU.ActiveCfg = Release|Any CPU
		{92542C7A-FD66-4149-BF9E-EE8B86F10AEA}.Ghpages|Any CPU.Build.0 = Release|Any CPU
		{92542C7A-FD66-4149-BF9E-EE8B86F10AEA}.Release|Any CPU.ActiveCfg = Release|Any CPU
		{92542C7A-FD66-4149-BF9E-EE8B86F10AEA}.Release|Any CPU.Build.0 = Release|Any CPU
		{CDD82F34-97EE-4CFD-8261-0A478670203E}.Debug|Any CPU.ActiveCfg = Debug|Any CPU
		{CDD82F34-97EE-4CFD-8261-0A478670203E}.Debug|Any CPU.Build.0 = Debug|Any CPU
		{CDD82F34-97EE-4CFD-8261-0A478670203E}.Ghpages|Any CPU.ActiveCfg = Release|Any CPU
		{CDD82F34-97EE-4CFD-8261-0A478670203E}.Ghpages|Any CPU.Build.0 = Release|Any CPU
		{CDD82F34-97EE-4CFD-8261-0A478670203E}.Release|Any CPU.ActiveCfg = Release|Any CPU
		{CDD82F34-97EE-4CFD-8261-0A478670203E}.Release|Any CPU.Build.0 = Release|Any CPU
		{00901756-E7C5-4F07-9E86-D31AD8765955}.Debug|Any CPU.ActiveCfg = Debug|Any CPU
		{00901756-E7C5-4F07-9E86-D31AD8765955}.Debug|Any CPU.Build.0 = Debug|Any CPU
		{00901756-E7C5-4F07-9E86-D31AD8765955}.Ghpages|Any CPU.ActiveCfg = Release|Any CPU
		{00901756-E7C5-4F07-9E86-D31AD8765955}.Ghpages|Any CPU.Build.0 = Release|Any CPU
		{00901756-E7C5-4F07-9E86-D31AD8765955}.Release|Any CPU.ActiveCfg = Release|Any CPU
		{00901756-E7C5-4F07-9E86-D31AD8765955}.Release|Any CPU.Build.0 = Release|Any CPU
		{9B9CA1ED-92DD-4B48-909F-AFE664847728}.Debug|Any CPU.ActiveCfg = Debug|Any CPU
		{9B9CA1ED-92DD-4B48-909F-AFE664847728}.Debug|Any CPU.Build.0 = Debug|Any CPU
		{9B9CA1ED-92DD-4B48-909F-AFE664847728}.Ghpages|Any CPU.ActiveCfg = Release|Any CPU
		{9B9CA1ED-92DD-4B48-909F-AFE664847728}.Ghpages|Any CPU.Build.0 = Release|Any CPU
		{9B9CA1ED-92DD-4B48-909F-AFE664847728}.Release|Any CPU.ActiveCfg = Release|Any CPU
		{9B9CA1ED-92DD-4B48-909F-AFE664847728}.Release|Any CPU.Build.0 = Release|Any CPU
		{843DD4FE-D3A5-4A67-B34D-ADC80075FC62}.Debug|Any CPU.ActiveCfg = Debug|Any CPU
		{843DD4FE-D3A5-4A67-B34D-ADC80075FC62}.Debug|Any CPU.Build.0 = Debug|Any CPU
		{843DD4FE-D3A5-4A67-B34D-ADC80075FC62}.Ghpages|Any CPU.ActiveCfg = Debug|Any CPU
		{843DD4FE-D3A5-4A67-B34D-ADC80075FC62}.Ghpages|Any CPU.Build.0 = Debug|Any CPU
		{843DD4FE-D3A5-4A67-B34D-ADC80075FC62}.Release|Any CPU.ActiveCfg = Release|Any CPU
		{843DD4FE-D3A5-4A67-B34D-ADC80075FC62}.Release|Any CPU.Build.0 = Release|Any CPU
		{04094CD4-44A1-4C4D-BFDA-4DA9CC07DB39}.Debug|Any CPU.ActiveCfg = Debug|Any CPU
		{04094CD4-44A1-4C4D-BFDA-4DA9CC07DB39}.Debug|Any CPU.Build.0 = Debug|Any CPU
		{04094CD4-44A1-4C4D-BFDA-4DA9CC07DB39}.Ghpages|Any CPU.ActiveCfg = Debug|Any CPU
		{04094CD4-44A1-4C4D-BFDA-4DA9CC07DB39}.Ghpages|Any CPU.Build.0 = Debug|Any CPU
		{04094CD4-44A1-4C4D-BFDA-4DA9CC07DB39}.Release|Any CPU.ActiveCfg = Release|Any CPU
		{04094CD4-44A1-4C4D-BFDA-4DA9CC07DB39}.Release|Any CPU.Build.0 = Release|Any CPU
	EndGlobalSection
	GlobalSection(SolutionProperties) = preSolution
		HideSolutionNode = FALSE
	EndGlobalSection
	GlobalSection(NestedProjects) = preSolution
		{91804A0A-68F0-47A3-B10F-F3F073970ECD} = {7C8BB74E-88E3-41A5-A5FF-02BFA3B4594C}
		{FE48BF3B-76F1-46C2-96C5-EE930A5C5CF2} = {B88FCDAE-ADA7-4F4F-99D9-4AAC627CAAA6}
		{92542C7A-FD66-4149-BF9E-EE8B86F10AEA} = {85412552-6211-4957-AD24-9CCF55A0C988}
		{CDD82F34-97EE-4CFD-8261-0A478670203E} = {85412552-6211-4957-AD24-9CCF55A0C988}
		{00901756-E7C5-4F07-9E86-D31AD8765955} = {2C1C6407-2298-494F-9906-B2746435C35F}
		{9B9CA1ED-92DD-4B48-909F-AFE664847728} = {B88FCDAE-ADA7-4F4F-99D9-4AAC627CAAA6}
		{843DD4FE-D3A5-4A67-B34D-ADC80075FC62} = {530A5085-0048-4FDB-ABBB-6CF97E43CBAE}
		{04094CD4-44A1-4C4D-BFDA-4DA9CC07DB39} = {530A5085-0048-4FDB-ABBB-6CF97E43CBAE}
	EndGlobalSection
	GlobalSection(ExtensibilityGlobals) = postSolution
		SolutionGuid = {53E6A249-9A9D-4939-B752-5470E5B85C7E}
	EndGlobalSection
EndGlobal
